<Solution>
  <Folder Name="/src/">
    <Project Path="src/WinPool.Agent/WinPool.Agent.csproj" />
    <Project Path="src/WinPool.Agent.Client/WinPool.Agent.Client.csproj" />
    <Project Path="src/WinPool.App/WinPool.App.csproj" />
    <Project Path="src/WinPool.Application/WinPool.Application.csproj" />
    <Project Path="src/WinPool.Domain/WinPool.Domain.csproj" />
    <Project Path="src/WinPool.Execution/WinPool.Execution.csproj" />
    <Project Path="src/WinPool.Infrastructure.Sqlite/WinPool.Infrastructure.Sqlite.csproj" />
    <Project Path="src/WinPool.Infrastructure.Windows/WinPool.Infrastructure.Windows.csproj" />
    <Project Path="src/WinPool.Ipc/WinPool.Ipc.csproj" />
    <Project Path="src/WinPool.Inventory/WinPool.Inventory.csproj" />
    <Project Path="src/WinPool.Monitoring/WinPool.Monitoring.csproj" />
  </Folder>
  <Folder Name="/tests/">
    <Project Path="tests/WinPool.Agent.Tests/WinPool.Agent.Tests.csproj" />
    <Project Path="tests/WinPool.Agent.Client.Tests/WinPool.Agent.Client.Tests.csproj" />
    <Project Path="tests/WinPool.Architecture.Tests/WinPool.Architecture.Tests.csproj" />
    <Project Path="tests/WinPool.Application.Tests/WinPool.Application.Tests.csproj" />
    <Project Path="tests/WinPool.Domain.Tests/WinPool.Domain.Tests.csproj" />
    <Project Path="tests/WinPool.Execution.Tests/WinPool.Execution.Tests.csproj" />
    <Project Path="tests/WinPool.Infrastructure.Tests/WinPool.Infrastructure.Tests.csproj" />
    <Project Path="tests/WinPool.Ipc.Tests/WinPool.Ipc.Tests.csproj" />
    <Project Path="tests/WinPool.Inventory.Tests/WinPool.Inventory.Tests.csproj" />
    <Project Path="tests/WinPool.Monitoring.Tests/WinPool.Monitoring.Tests.csproj" />
    <Project Path="tests/WinPool.Persistence.Tests/WinPool.Persistence.Tests.csproj" />
  </Folder>
</Solution>
